
Microsoft Visual Studio Solution File, Format Version 12.00
# Visual Studio Version 16
VisualStudioVersion = 16.0.31911.196
MinimumVisualStudioVersion = 10.0.40219.1
Project("{FAE04EC0-301F-11D3-BF4B-00C04F79EFBC}") = "EmployeeManagementApp", "EmployeeManagementApp\EmployeeManagementApp.csproj", "{5134BE72-FA2D-4A92-93F7-EC9AC8BAB5CD}"
EndProject
Global
	GlobalSection(SolutionConfigurationPlatforms) = preSolution
		Debug|Any CPU = Debug|Any CPU
		Release|Any CPU = Release|Any CPU
	EndGlobalSection
	GlobalSection(ProjectConfigurationPlatforms) = postSolution
		{5134BE72-FA2D-4A92-93F7-EC9AC8BAB5CD}.Debug|Any CPU.ActiveCfg = Debug|Any CPU
		{5134BE72-FA2D-4A92-93F7-EC9AC8BAB5CD}.Debug|Any CPU.Build.0 = Debug|Any CPU
		{5134BE72-FA2D-4A92-93F7-EC9AC8BAB5CD}.Release|Any CPU.ActiveCfg = Release|Any CPU
		{5134BE72-FA2D-4A92-93F7-EC9AC8BAB5CD}.Release|Any CPU.Build.0 = Release|Any CPU
	EndGlobalSection
	GlobalSection(SolutionProperties) = preSolution
		HideSolutionNode = FALSE
	EndGlobalSection
	GlobalSection(ExtensibilityGlobals) = postSolution
		SolutionGuid = {02DAB3CA-6009-4CED-B765-81A41E41BC62}
	EndGlobalSection
EndGlobal
